// !$*UTF8*$!
{
	archiveVersion = 1;
	classes = {
	};
	objectVersion = 55;
	objects = {

/* Begin PBXBuildFile section */
		B29DC8912AA0F242006C3A73 /* SwiftUI_MVVMApp.swift in Sources */ = {isa = PBXBuildFile; fileRef = B29DC8902AA0F242006C3A73 /* SwiftUI_MVVMApp.swift */; };
		B29DC8952AA0F244006C3A73 /* Assets.xcassets in Resources */ = {isa = PBXBuildFile; fileRef = B29DC8942AA0F244006C3A73 /* Assets.xcassets */; };
		B29DC8982AA0F244006C3A73 /* Preview Assets.xcassets in Resources */ = {isa = PBXBuildFile; fileRef = B29DC8972AA0F244006C3A73 /* Preview Assets.xcassets */; };
		B29DC8B32AA0F31B006C3A73 /* HomeViewModel.swift in Sources */ = {isa = PBXBuildFile; fileRef = B29DC8A02AA0F31B006C3A73 /* HomeViewModel.swift */; };
		B29DC8B42AA0F31B006C3A73 /* HomeView.swift in Sources */ = {isa = PBXBuildFile; fileRef = B29DC8A12AA0F31B006C3A73 /* HomeView.swift */; };
		B29DC8B62AA0F31B006C3A73 /* UserViewModel.swift in Sources */ = {isa = PBXBuildFile; fileRef = B29DC8A42AA0F31B006C3A73 /* UserViewModel.swift */; };
		B29DC8B72AA0F31B006C3A73 /* UserView.swift in Sources */ = {isa = PBXBuildFile; fileRef = B29DC8A52AA0F31B006C3A73 /* UserView.swift */; };
		B29DC8B82AA0F31B006C3A73 /* FavoriteView.swift in Sources */ = {isa = PBXBuildFile; fileRef = B29DC8A82AA0F31B006C3A73 /* FavoriteView.swift */; };
		B29DC8B92AA0F31B006C3A73 /* FavoriteViewModel.swift in Sources */ = {isa = PBXBuildFile; fileRef = B29DC8A92AA0F31B006C3A73 /* FavoriteViewModel.swift */; };
		B29DC8BA2AA0F31B006C3A73 /* SettingViewModel.swift in Sources */ = {isa = PBXBuildFile; fileRef = B29DC8AA2AA0F31B006C3A73 /* SettingViewModel.swift */; };
		B29DC8BB2AA0F31B006C3A73 /* SettingView.swift in Sources */ = {isa = PBXBuildFile; fileRef = B29DC8AB2AA0F31B006C3A73 /* SettingView.swift */; };
		B29DC8BD2AA0F31B006C3A73 /* HomeModel.swift in Sources */ = {isa = PBXBuildFile; fileRef = B29DC8AE2AA0F31B006C3A73 /* HomeModel.swift */; };
		B29DC8BE2AA0F31B006C3A73 /* WebService+Home.swift in Sources */ = {isa = PBXBuildFile; fileRef = B29DC8B12AA0F31B006C3A73 /* WebService+Home.swift */; };
		B29DC8BF2AA0F31B006C3A73 /* WebService.swift in Sources */ = {isa = PBXBuildFile; fileRef = B29DC8B22AA0F31B006C3A73 /* WebService.swift */; };
		BDD2D1A12AA1C18500B4799E /* PhotoListView.swift in Sources */ = {isa = PBXBuildFile; fileRef = BDD2D1A02AA1C18500B4799E /* PhotoListView.swift */; };
		BDD2D1A32AA1C18F00B4799E /* PhotoListViewModel.swift in Sources */ = {isa = PBXBuildFile; fileRef = BDD2D1A22AA1C18F00B4799E /* PhotoListViewModel.swift */; };
		BDD2D1A52AA1C78F00B4799E /* PhotoView.swift in Sources */ = {isa = PBXBuildFile; fileRef = BDD2D1A42AA1C78F00B4799E /* PhotoView.swift */; };
/* End PBXBuildFile section */

/* Begin PBXFileReference section */
		B29DC88D2AA0F242006C3A73 /* SwiftUI-MVVM.app */ = {isa = PBXFileReference; explicitFileType = wrapper.application; includeInIndex = 0; path = "SwiftUI-MVVM.app"; sourceTree = BUILT_PRODUCTS_DIR; };
		B29DC8902AA0F242006C3A73 /* SwiftUI_MVVMApp.swift */ = {isa = PBXFileReference; lastKnownFileType = sourcecode.swift; path = SwiftUI_MVVMApp.swift; sourceTree = "<group>"; };
		B29DC8942AA0F244006C3A73 /* Assets.xcassets */ = {isa = PBXFileReference; lastKnownFileType = folder.assetcatalog; path = Assets.xcassets; sourceTree = "<group>"; };
		B29DC8972AA0F244006C3A73 /* Preview Assets.xcassets */ = {isa = PBXFileReference; lastKnownFileType = folder.assetcatalog; path = "Preview Assets.xcassets"; sourceTree = "<group>"; };
		B29DC8A02AA0F31B006C3A73 /* HomeViewModel.swift */ = {isa = PBXFileReference; fileEncoding = 4; lastKnownFileType = sourcecode.swift; path = HomeViewModel.swift; sourceTree = "<group>"; };
		B29DC8A12AA0F31B006C3A73 /* HomeView.swift */ = {isa = PBXFileReference; fileEncoding = 4; lastKnownFileType = sourcecode.swift; path = HomeView.swift; sourceTree = "<group>"; };
		B29DC8A42AA0F31B006C3A73 /* UserViewModel.swift */ = {isa = PBXFileReference; fileEncoding = 4; lastKnownFileType = sourcecode.swift; path = UserViewModel.swift; sourceTree = "<group>"; };
		B29DC8A52AA0F31B006C3A73 /* UserView.swift */ = {isa = PBXFileReference; fileEncoding = 4; lastKnownFileType = sourcecode.swift; path = UserView.swift; sourceTree = "<group>"; };
		B29DC8A82AA0F31B006C3A73 /* FavoriteView.swift */ = {isa = PBXFileReference; fileEncoding = 4; lastKnownFileType = sourcecode.swift; path = FavoriteView.swift; sourceTree = "<group>"; };
		B29DC8A92AA0F31B006C3A73 /* FavoriteViewModel.swift */ = {isa = PBXFileReference; fileEncoding = 4; lastKnownFileType = sourcecode.swift; path = FavoriteViewModel.swift; sourceTree = "<group>"; };
		B29DC8AA2AA0F31B006C3A73 /* SettingViewModel.swift */ = {isa = PBXFileReference; fileEncoding = 4; lastKnownFileType = sourcecode.swift; path = SettingViewModel.swift; sourceTree = "<group>"; };
		B29DC8AB2AA0F31B006C3A73 /* SettingView.swift */ = {isa = PBXFileReference; fileEncoding = 4; lastKnownFileType = sourcecode.swift; path = SettingView.swift; sourceTree = "<group>"; };
		B29DC8AE2AA0F31B006C3A73 /* HomeModel.swift */ = {isa = PBXFileReference; fileEncoding = 4; lastKnownFileType = sourcecode.swift; path = HomeModel.swift; sourceTree = "<group>"; };
		B29DC8B12AA0F31B006C3A73 /* WebService+Home.swift */ = {isa = PBXFileReference; fileEncoding = 4; lastKnownFileType = sourcecode.swift; path = "WebService+Home.swift"; sourceTree = "<group>"; };
		B29DC8B22AA0F31B006C3A73 /* WebService.swift */ = {isa = PBXFileReference; fileEncoding = 4; lastKnownFileType = sourcecode.swift; path = WebService.swift; sourceTree = "<group>"; };
		BDD2D1A02AA1C18500B4799E /* PhotoListView.swift */ = {isa = PBXFileReference; lastKnownFileType = sourcecode.swift; path = PhotoListView.swift; sourceTree = "<group>"; };
		BDD2D1A22AA1C18F00B4799E /* PhotoListViewModel.swift */ = {isa = PBXFileReference; lastKnownFileType = sourcecode.swift; path = PhotoListViewModel.swift; sourceTree = "<group>"; };
		BDD2D1A42AA1C78F00B4799E /* PhotoView.swift */ = {isa = PBXFileReference; lastKnownFileType = sourcecode.swift; path = PhotoView.swift; sourceTree = "<group>"; };
/* End PBXFileReference section */

/* Begin PBXFrameworksBuildPhase section */
		B29DC88A2AA0F242006C3A73 /* Frameworks */ = {
			isa = PBXFrameworksBuildPhase;
			buildActionMask = 2147483647;
			files = (
			);
			runOnlyForDeploymentPostprocessing = 0;
		};
/* End PBXFrameworksBuildPhase section */

/* Begin PBXGroup section */
		B29DC8842AA0F241006C3A73 = {
			isa = PBXGroup;
			children = (
				B29DC88F2AA0F242006C3A73 /* SwiftUI-MVVM */,
				B29DC88E2AA0F242006C3A73 /* Products */,
			);
			sourceTree = "<group>";
		};
		B29DC88E2AA0F242006C3A73 /* Products */ = {
			isa = PBXGroup;
			children = (
				B29DC88D2AA0F242006C3A73 /* SwiftUI-MVVM.app */,
			);
			name = Products;
			sourceTree = "<group>";
		};
		B29DC88F2AA0F242006C3A73 /* SwiftUI-MVVM */ = {
			isa = PBXGroup;
			children = (
				B29DC8AD2AA0F31B006C3A73 /* Model */,
				B29DC8AF2AA0F31B006C3A73 /* Service */,
				B29DC89E2AA0F31B006C3A73 /* Feature */,
				B29DC8902AA0F242006C3A73 /* SwiftUI_MVVMApp.swift */,
				B29DC8942AA0F244006C3A73 /* Assets.xcassets */,
				B29DC8962AA0F244006C3A73 /* Preview Content */,
			);
			path = "SwiftUI-MVVM";
			sourceTree = "<group>";
		};
		B29DC8962AA0F244006C3A73 /* Preview Content */ = {
			isa = PBXGroup;
			children = (
				B29DC8972AA0F244006C3A73 /* Preview Assets.xcassets */,
			);
			path = "Preview Content";
			sourceTree = "<group>";
		};
		B29DC89E2AA0F31B006C3A73 /* Feature */ = {
			isa = PBXGroup;
			children = (
				B29DC89F2AA0F31B006C3A73 /* Home */,
				B29DC8A32AA0F31B006C3A73 /* User */,
			);
			path = Feature;
			sourceTree = "<group>";
		};
		B29DC89F2AA0F31B006C3A73 /* Home */ = {
			isa = PBXGroup;
			children = (
				B29DC8A02AA0F31B006C3A73 /* HomeViewModel.swift */,
				B29DC8A12AA0F31B006C3A73 /* HomeView.swift */,
			);
			path = Home;
			sourceTree = "<group>";
		};
		B29DC8A32AA0F31B006C3A73 /* User */ = {
			isa = PBXGroup;
			children = (
				B29DC8A42AA0F31B006C3A73 /* UserViewModel.swift */,
				B29DC8A52AA0F31B006C3A73 /* UserView.swift */,
				B29DC8A62AA0F31B006C3A73 /* Setting */,
			);
			path = User;
			sourceTree = "<group>";
		};
		B29DC8A62AA0F31B006C3A73 /* Setting */ = {
			isa = PBXGroup;
			children = (
				BDD2D19F2AA1C16C00B4799E /* PhotoList */,
				B29DC8A72AA0F31B006C3A73 /* Favority */,
				B29DC8AA2AA0F31B006C3A73 /* SettingViewModel.swift */,
				B29DC8AB2AA0F31B006C3A73 /* SettingView.swift */,
				BDD2D1A42AA1C78F00B4799E /* PhotoView.swift */,
			);
			path = Setting;
			sourceTree = "<group>";
		};
		B29DC8A72AA0F31B006C3A73 /* Favority */ = {
			isa = PBXGroup;
			children = (
				B29DC8A92AA0F31B006C3A73 /* FavoriteViewModel.swift */,
				B29DC8A82AA0F31B006C3A73 /* FavoriteView.swift */,
			);
			path = Favority;
			sourceTree = "<group>";
		};
		B29DC8AD2AA0F31B006C3A73 /* Model */ = {
			isa = PBXGroup;
			children = (
				B29DC8AE2AA0F31B006C3A73 /* HomeModel.swift */,
			);
			path = Model;
			sourceTree = "<group>";
		};
		B29DC8AF2AA0F31B006C3A73 /* Service */ = {
			isa = PBXGroup;
			children = (
				B29DC8B02AA0F31B006C3A73 /* WebService */,
			);
			path = Service;
			sourceTree = "<group>";
		};
		B29DC8B02AA0F31B006C3A73 /* WebService */ = {
			isa = PBXGroup;
			children = (
				B29DC8B12AA0F31B006C3A73 /* WebService+Home.swift */,
				B29DC8B22AA0F31B006C3A73 /* WebService.swift */,
			);
			path = WebService;
			sourceTree = "<group>";
		};
		BDD2D19F2AA1C16C00B4799E /* PhotoList */ = {
			isa = PBXGroup;
			children = (
				BDD2D1A22AA1C18F00B4799E /* PhotoListViewModel.swift */,
				BDD2D1A02AA1C18500B4799E /* PhotoListView.swift */,
			);
			path = PhotoList;
			sourceTree = "<group>";
		};
/* End PBXGroup section */

/* Begin PBXNativeTarget section */
		B29DC88C2AA0F242006C3A73 /* SwiftUI-MVVM */ = {
			isa = PBXNativeTarget;
			buildConfigurationList = B29DC89B2AA0F244006C3A73 /* Build configuration list for PBXNativeTarget "SwiftUI-MVVM" */;
			buildPhases = (
				B29DC8892AA0F242006C3A73 /* Sources */,
				B29DC88A2AA0F242006C3A73 /* Frameworks */,
				B29DC88B2AA0F242006C3A73 /* Resources */,
			);
			buildRules = (
			);
			dependencies = (
			);
			name = "SwiftUI-MVVM";
			productName = "SwiftUI-MVVM";
			productReference = B29DC88D2AA0F242006C3A73 /* SwiftUI-MVVM.app */;
			productType = "com.apple.product-type.application";
		};
/* End PBXNativeTarget section */

/* Begin PBXProject section */
		B29DC8852AA0F241006C3A73 /* Project object */ = {
			isa = PBXProject;
			attributes = {
				BuildIndependentTargetsInParallel = 1;
				LastSwiftUpdateCheck = 1310;
				LastUpgradeCheck = 1310;
				TargetAttributes = {
					B29DC88C2AA0F242006C3A73 = {
						CreatedOnToolsVersion = 13.1;
					};
				};
			};
			buildConfigurationList = B29DC8882AA0F241006C3A73 /* Build configuration list for PBXProject "SwiftUI-MVVM" */;
			compatibilityVersion = "Xcode 13.0";
			developmentRegion = en;
			hasScannedForEncodings = 0;
			knownRegions = (
				en,
				Base,
			);
			mainGroup = B29DC8842AA0F241006C3A73;
			productRefGroup = B29DC88E2AA0F242006C3A73 /* Products */;
			projectDirPath = "";
			projectRoot = "";
			targets = (
				B29DC88C2AA0F242006C3A73 /* SwiftUI-MVVM */,
			);
		};
/* End PBXProject section */

/* Begin PBXResourcesBuildPhase section */
		B29DC88B2AA0F242006C3A73 /* Resources */ = {
			isa = PBXResourcesBuildPhase;
			buildActionMask = 2147483647;
			files = (
				B29DC8982AA0F244006C3A73 /* Preview Assets.xcassets in Resources */,
				B29DC8952AA0F244006C3A73 /* Assets.xcassets in Resources */,
			);
			runOnlyForDeploymentPostprocessing = 0;
		};
/* End PBXResourcesBuildPhase section */

/* Begin PBXSourcesBuildPhase section */
		B29DC8892AA0F242006C3A73 /* Sources */ = {
			isa = PBXSourcesBuildPhase;
			buildActionMask = 2147483647;
			files = (
				BDD2D1A12AA1C18500B4799E /* PhotoListView.swift in Sources */,
				B29DC8B92AA0F31B006C3A73 /* FavoriteViewModel.swift in Sources */,
				B29DC8B82AA0F31B006C3A73 /* FavoriteView.swift in Sources */,
				BDD2D1A52AA1C78F00B4799E /* PhotoView.swift in Sources */,
				B29DC8BF2AA0F31B006C3A73 /* WebService.swift in Sources */,
				B29DC8B62AA0F31B006C3A73 /* UserViewModel.swift in Sources */,
				B29DC8B42AA0F31B006C3A73 /* HomeView.swift in Sources */,
				B29DC8BA2AA0F31B006C3A73 /* SettingViewModel.swift in Sources */,
				B29DC8B32AA0F31B006C3A73 /* HomeViewModel.swift in Sources */,
				B29DC8BD2AA0F31B006C3A73 /* HomeModel.swift in Sources */,
				B29DC8912AA0F242006C3A73 /* SwiftUI_MVVMApp.swift in Sources */,
				B29DC8BE2AA0F31B006C3A73 /* WebService+Home.swift in Sources */,
				B29DC8B72AA0F31B006C3A73 /* UserView.swift in Sources */,
				B29DC8BB2AA0F31B006C3A73 /* SettingView.swift in Sources */,
				BDD2D1A32AA1C18F00B4799E /* PhotoListViewModel.swift in Sources */,
			);
			runOnlyForDeploymentPostprocessing = 0;
		};
/* End PBXSourcesBuildPhase section */

/* Begin XCBuildConfiguration section */
		B29DC8992AA0F244006C3A73 /* Debug */ = {
			isa = XCBuildConfiguration;
			buildSettings = {
				ALWAYS_SEARCH_USER_PATHS = NO;
				CLANG_ANALYZER_NONNULL = YES;
				CLANG_ANALYZER_NUMBER_OBJECT_CONVERSION = YES_AGGRESSIVE;
				CLANG_CXX_LANGUAGE_STANDARD = "gnu++17";
				CLANG_CXX_LIBRARY = "libc++";
				CLANG_ENABLE_MODULES = YES;
				CLANG_ENABLE_OBJC_ARC = YES;
				CLANG_ENABLE_OBJC_WEAK = YES;
				CLANG_WARN_BLOCK_CAPTURE_AUTORELEASING = YES;
				CLANG_WARN_BOOL_CONVERSION = YES;
				CLANG_WARN_COMMA = YES;
				CLANG_WARN_CONSTANT_CONVERSION = YES;
				CLANG_WARN_DEPRECATED_OBJC_IMPLEMENTATIONS = YES;
				CLANG_WARN_DIRECT_OBJC_ISA_USAGE = YES_ERROR;
				CLANG_WARN_DOCUMENTATION_COMMENTS = YES;
				CLANG_WARN_EMPTY_BODY = YES;
				CLANG_WARN_ENUM_CONVERSION = YES;
				CLANG_WARN_INFINITE_RECURSION = YES;
				CLANG_WARN_INT_CONVERSION = YES;
				CLANG_WARN_NON_LITERAL_NULL_CONVERSION = YES;
				CLANG_WARN_OBJC_IMPLICIT_RETAIN_SELF = YES;
				CLANG_WARN_OBJC_LITERAL_CONVERSION = YES;
				CLANG_WARN_OBJC_ROOT_CLASS = YES_ERROR;
				CLANG_WARN_QUOTED_INCLUDE_IN_FRAMEWORK_HEADER = YES;
				CLANG_WARN_RANGE_LOOP_ANALYSIS = YES;
				CLANG_WARN_STRICT_PROTOTYPES = YES;
				CLANG_WARN_SUSPICIOUS_MOVE = YES;
				CLANG_WARN_UNGUARDED_AVAILABILITY = YES_AGGRESSIVE;
				CLANG_WARN_UNREACHABLE_CODE = YES;
				CLANG_WARN__DUPLICATE_METHOD_MATCH = YES;
				COPY_PHASE_STRIP = NO;
				DEBUG_INFORMATION_FORMAT = dwarf;
				ENABLE_STRICT_OBJC_MSGSEND = YES;
				ENABLE_TESTABILITY = YES;
				GCC_C_LANGUAGE_STANDARD = gnu11;
				GCC_DYNAMIC_NO_PIC = NO;
				GCC_NO_COMMON_BLOCKS = YES;
				GCC_OPTIMIZATION_LEVEL = 0;
				GCC_PREPROCESSOR_DEFINITIONS = (
					"DEBUG=1",
					"$(inherited)",
				);
				GCC_WARN_64_TO_32_BIT_CONVERSION = YES;
				GCC_WARN_ABOUT_RETURN_TYPE = YES_ERROR;
				GCC_WARN_UNDECLARED_SELECTOR = YES;
				GCC_WARN_UNINITIALIZED_AUTOS = YES_AGGRESSIVE;
				GCC_WARN_UNUSED_FUNCTION = YES;
				GCC_WARN_UNUSED_VARIABLE = YES;
				IPHONEOS_DEPLOYMENT_TARGET = 15.0;
				MTL_ENABLE_DEBUG_INFO = INCLUDE_SOURCE;
				MTL_FAST_MATH = YES;
				ONLY_ACTIVE_ARCH = YES;
				SDKROOT = iphoneos;
				SWIFT_ACTIVE_COMPILATION_CONDITIONS = DEBUG;
				SWIFT_OPTIMIZATION_LEVEL = "-Onone";
			};
			name = Debug;
		};
		B29DC89A2AA0F244006C3A73 /* Release */ = {
			isa = XCBuildConfiguration;
			buildSettings = {
				ALWAYS_SEARCH_USER_PATHS = NO;
				CLANG_ANALYZER_NONNULL = YES;
				CLANG_ANALYZER_NUMBER_OBJECT_CONVERSION = YES_AGGRESSIVE;
				CLANG_CXX_LANGUAGE_STANDARD = "gnu++17";
				CLANG_CXX_LIBRARY = "libc++";
				CLANG_ENABLE_MODULES = YES;
				CLANG_ENABLE_OBJC_ARC = YES;
				CLANG_ENABLE_OBJC_WEAK = YES;
				CLANG_WARN_BLOCK_CAPTURE_AUTORELEASING = YES;
				CLANG_WARN_BOOL_CONVERSION = YES;
				CLANG_WARN_COMMA = YES;
				CLANG_WARN_CONSTANT_CONVERSION = YES;
				CLANG_WARN_DEPRECATED_OBJC_IMPLEMENTATIONS = YES;
				CLANG_WARN_DIRECT_OBJC_ISA_USAGE = YES_ERROR;
				CLANG_WARN_DOCUMENTATION_COMMENTS = YES;
				CLANG_WARN_EMPTY_BODY = YES;
				CLANG_WARN_ENUM_CONVERSION = YES;
				CLANG_WARN_INFINITE_RECURSION = YES;
				CLANG_WARN_INT_CONVERSION = YES;
				CLANG_WARN_NON_LITERAL_NULL_CONVERSION = YES;
				CLANG_WARN_OBJC_IMPLICIT_RETAIN_SELF = YES;
				CLANG_WARN_OBJC_LITERAL_CONVERSION = YES;
				CLANG_WARN_OBJC_ROOT_CLASS = YES_ERROR;
				CLANG_WARN_QUOTED_INCLUDE_IN_FRAMEWORK_HEADER = YES;
				CLANG_WARN_RANGE_LOOP_ANALYSIS = YES;
				CLANG_WARN_STRICT_PROTOTYPES = YES;
				CLANG_WARN_SUSPICIOUS_MOVE = YES;
				CLANG_WARN_UNGUARDED_AVAILABILITY = YES_AGGRESSIVE;
				CLANG_WARN_UNREACHABLE_CODE = YES;
				CLANG_WARN__DUPLICATE_METHOD_MATCH = YES;
				COPY_PHASE_STRIP = NO;
				DEBUG_INFORMATION_FORMAT = "dwarf-with-dsym";
				ENABLE_NS_ASSERTIONS = NO;
				ENABLE_STRICT_OBJC_MSGSEND = YES;
				GCC_C_LANGUAGE_STANDARD = gnu11;
				GCC_NO_COMMON_BLOCKS = YES;
				GCC_WARN_64_TO_32_BIT_CONVERSION = YES;
				GCC_WARN_ABOUT_RETURN_TYPE = YES_ERROR;
				GCC_WARN_UNDECLARED_SELECTOR = YES;
				GCC_WARN_UNINITIALIZED_AUTOS = YES_AGGRESSIVE;
				GCC_WARN_UNUSED_FUNCTION = YES;
				GCC_WARN_UNUSED_VARIABLE = YES;
				IPHONEOS_DEPLOYMENT_TARGET = 15.0;
				MTL_ENABLE_DEBUG_INFO = NO;
				MTL_FAST_MATH = YES;
				SDKROOT = iphoneos;
				SWIFT_COMPILATION_MODE = wholemodule;
				SWIFT_OPTIMIZATION_LEVEL = "-O";
				VALIDATE_PRODUCT = YES;
			};
			name = Release;
		};
		B29DC89C2AA0F244006C3A73 /* Debug */ = {
			isa = XCBuildConfiguration;
			buildSettings = {
				ASSETCATALOG_COMPILER_APPICON_NAME = AppIcon;
				ASSETCATALOG_COMPILER_GLOBAL_ACCENT_COLOR_NAME = AccentColor;
				CODE_SIGN_STYLE = Automatic;
				CURRENT_PROJECT_VERSION = 1;
				DEVELOPMENT_ASSET_PATHS = "\"SwiftUI-MVVM/Preview Content\"";
				DEVELOPMENT_TEAM = 5FLW9DG5RS;
				ENABLE_PREVIEWS = YES;
				GENERATE_INFOPLIST_FILE = YES;
				INFOPLIST_KEY_UIApplicationSceneManifest_Generation = YES;
				INFOPLIST_KEY_UIApplicationSupportsIndirectInputEvents = YES;
				INFOPLIST_KEY_UILaunchScreen_Generation = YES;
				INFOPLIST_KEY_UISupportedInterfaceOrientations_iPad = "UIInterfaceOrientationPortrait UIInterfaceOrientationPortraitUpsideDown UIInterfaceOrientationLandscapeLeft UIInterfaceOrientationLandscapeRight";
				INFOPLIST_KEY_UISupportedInterfaceOrientations_iPhone = "UIInterfaceOrientationPortrait UIInterfaceOrientationLandscapeLeft UIInterfaceOrientationLandscapeRight";
				LD_RUNPATH_SEARCH_PATHS = (
					"$(inherited)",
					"@executable_path/Frameworks",
				);
				MARKETING_VERSION = 1.0;
				PRODUCT_BUNDLE_IDENTIFIER = "com.daidai.SwiftUI-MVVM";
				PRODUCT_NAME = "$(TARGET_NAME)";
				SWIFT_EMIT_LOC_STRINGS = YES;
				SWIFT_VERSION = 5.0;
				TARGETED_DEVICE_FAMILY = "1,2";
			};
			name = Debug;
		};
		B29DC89D2AA0F244006C3A73 /* Release */ = {
			isa = XCBuildConfiguration;
			buildSettings = {
				ASSETCATALOG_COMPILER_APPICON_NAME = AppIcon;
				ASSETCATALOG_COMPILER_GLOBAL_ACCENT_COLOR_NAME = AccentColor;
				CODE_SIGN_STYLE = Automatic;
				CURRENT_PROJECT_VERSION = 1;
				DEVELOPMENT_ASSET_PATHS = "\"SwiftUI-MVVM/Preview Content\"";
				DEVELOPMENT_TEAM = 5FLW9DG5RS;
				ENABLE_PREVIEWS = YES;
				GENERATE_INFOPLIST_FILE = YES;
				INFOPLIST_KEY_UIApplicationSceneManifest_Generation = YES;
				INFOPLIST_KEY_UIApplicationSupportsIndirectInputEvents = YES;
				INFOPLIST_KEY_UILaunchScreen_Generation = YES;
				INFOPLIST_KEY_UISupportedInterfaceOrientations_iPad = "UIInterfaceOrientationPortrait UIInterfaceOrientationPortraitUpsideDown UIInterfaceOrientationLandscapeLeft UIInterfaceOrientationLandscapeRight";
				INFOPLIST_KEY_UISupportedInterfaceOrientations_iPhone = "UIInterfaceOrientationPortrait UIInterfaceOrientationLandscapeLeft UIInterfaceOrientationLandscapeRight";
				LD_RUNPATH_SEARCH_PATHS = (
					"$(inherited)",
					"@executable_path/Frameworks",
				);
				MARKETING_VERSION = 1.0;
				PRODUCT_BUNDLE_IDENTIFIER = "com.daidai.SwiftUI-MVVM";
				PRODUCT_NAME = "$(TARGET_NAME)";
				SWIFT_EMIT_LOC_STRINGS = YES;
				SWIFT_VERSION = 5.0;
				TARGETED_DEVICE_FAMILY = "1,2";
			};
			name = Release;
		};
/* End XCBuildConfiguration section */

/* Begin XCConfigurationList section */
		B29DC8882AA0F241006C3A73 /* Build configuration list for PBXProject "SwiftUI-MVVM" */ = {
			isa = XCConfigurationList;
			buildConfigurations = (
				B29DC8992AA0F244006C3A73 /* Debug */,
				B29DC89A2AA0F244006C3A73 /* Release */,
			);
			defaultConfigurationIsVisible = 0;
			defaultConfigurationName = Release;
		};
		B29DC89B2AA0F244006C3A73 /* Build configuration list for PBXNativeTarget "SwiftUI-MVVM" */ = {
			isa = XCConfigurationList;
			buildConfigurations = (
				B29DC89C2AA0F244006C3A73 /* Debug */,
				B29DC89D2AA0F244006C3A73 /* Release */,
			);
			defaultConfigurationIsVisible = 0;
			defaultConfigurationName = Release;
		};
/* End XCConfigurationList section */
	};
	rootObject = B29DC8852AA0F241006C3A73 /* Project object */;
}
